
Microsoft Visual Studio Solution File, Format Version 12.00
# Visual Studio 14
VisualStudioVersion = 14.0.25420.1
MinimumVisualStudioVersion = 10.0.40219.1
Project("{E24C65DC-7377-472B-9ABA-BC803B73C61A}") = "cs_home", "..\..\..\..\..\..\express\cs_home\", "{F8BA56BD-77B7-458E-9A86-75BB504AD614}"
	ProjectSection(WebsiteProperties) = preProject
		TargetFrameworkMoniker = ".NETFramework,Version%3Dv4.6.1"
		Debug.AspNetCompiler.VirtualPath = "/localhost_52925"
		Debug.AspNetCompiler.PhysicalPath = "..\..\..\..\..\..\express\cs_home\"
		Debug.AspNetCompiler.TargetPath = "PrecompiledWeb\localhost_52925\"
		Debug.AspNetCompiler.Updateable = "true"
		Debug.AspNetCompiler.ForceOverwrite = "true"
		Debug.AspNetCompiler.FixedNames = "false"
		Debug.AspNetCompiler.Debug = "True"
		Release.AspNetCompiler.VirtualPath = "/localhost_52925"
		Release.AspNetCompiler.PhysicalPath = "..\..\..\..\..\..\express\cs_home\"
		Release.AspNetCompiler.TargetPath = "PrecompiledWeb\localhost_52925\"
		Release.AspNetCompiler.Updateable = "true"
		Release.AspNetCompiler.ForceOverwrite = "true"
		Release.AspNetCompiler.FixedNames = "false"
		Release.AspNetCompiler.Debug = "False"
		VWDPort = "52925"
	EndProjectSection
EndProject
Global
	GlobalSection(SolutionConfigurationPlatforms) = preSolution
		Debug|Any CPU = Debug|Any CPU
	EndGlobalSection
	GlobalSection(ProjectConfigurationPlatforms) = postSolution
		{F8BA56BD-77B7-458E-9A86-75BB504AD614}.Debug|Any CPU.ActiveCfg = Debug|Any CPU
		{F8BA56BD-77B7-458E-9A86-75BB504AD614}.Debug|Any CPU.Build.0 = Debug|Any CPU
	EndGlobalSection
	GlobalSection(SolutionProperties) = preSolution
		HideSolutionNode = FALSE
	EndGlobalSection
EndGlobal
